// !$*UTF8*$!
{
	archiveVersion = 1;
	classes = {
	};
	objectVersion = 51;
	objects = {

/* Begin PBXBuildFile section */
		4411715C659AC5C6D3A6D12E /* Pods_youbikeMap.framework in Frameworks */ = {isa = PBXBuildFile; fileRef = 224CEB23124825B2B56527D5 /* Pods_youbikeMap.framework */; };
		A274F4CB2527056D00D895CC /* MapViewController.swift in Sources */ = {isa = PBXBuildFile; fileRef = A274F4CA2527056D00D895CC /* MapViewController.swift */; };
		A274F4F3252772CD00D895CC /* MapViewViewModel.swift in Sources */ = {isa = PBXBuildFile; fileRef = A274F4F2252772CD00D895CC /* MapViewViewModel.swift */; };
		A274F4F925280F9D00D895CC /* MapPinAnnotationView.swift in Sources */ = {isa = PBXBuildFile; fileRef = A274F4F825280F9D00D895CC /* MapPinAnnotationView.swift */; };
		A2CE30DF252592F200B364B1 /* AppDelegate.swift in Sources */ = {isa = PBXBuildFile; fileRef = A2CE30DE252592F200B364B1 /* AppDelegate.swift */; };
		A2CE30E1252592F200B364B1 /* SceneDelegate.swift in Sources */ = {isa = PBXBuildFile; fileRef = A2CE30E0252592F200B364B1 /* SceneDelegate.swift */; };
		A2CE30E3252592F200B364B1 /* ViewController.swift in Sources */ = {isa = PBXBuildFile; fileRef = A2CE30E2252592F200B364B1 /* ViewController.swift */; };
		A2CE30E6252592F200B364B1 /* Main.storyboard in Resources */ = {isa = PBXBuildFile; fileRef = A2CE30E4252592F200B364B1 /* Main.storyboard */; };
		A2CE30E8252592F700B364B1 /* Assets.xcassets in Resources */ = {isa = PBXBuildFile; fileRef = A2CE30E7252592F700B364B1 /* Assets.xcassets */; };
		A2CE30EB252592F700B364B1 /* LaunchScreen.storyboard in Resources */ = {isa = PBXBuildFile; fileRef = A2CE30E9252592F700B364B1 /* LaunchScreen.storyboard */; };
		A2CE30F4252598D600B364B1 /* YoubikeDataManager.swift in Sources */ = {isa = PBXBuildFile; fileRef = A2CE30F3252598D600B364B1 /* YoubikeDataManager.swift */; };
		A2CE30F725259A1900B364B1 /* StationsModel.swift in Sources */ = {isa = PBXBuildFile; fileRef = A2CE30F625259A1900B364B1 /* StationsModel.swift */; };
		A2CE30F925259E3000B364B1 /* MyFavoriteModel.swift in Sources */ = {isa = PBXBuildFile; fileRef = A2CE30F825259E3000B364B1 /* MyFavoriteModel.swift */; };
		A2CE30FF2525E3EE00B364B1 /* ListViewController.swift in Sources */ = {isa = PBXBuildFile; fileRef = A2CE30FE2525E3EE00B364B1 /* ListViewController.swift */; };
		A2CE31012525E53800B364B1 /* ListViewViewModel.swift in Sources */ = {isa = PBXBuildFile; fileRef = A2CE31002525E53800B364B1 /* ListViewViewModel.swift */; };
		A2CE31032525EA3B00B364B1 /* ListViewCell.swift in Sources */ = {isa = PBXBuildFile; fileRef = A2CE31022525EA3B00B364B1 /* ListViewCell.swift */; };
/* End PBXBuildFile section */

/* Begin PBXFileReference section */
		224CEB23124825B2B56527D5 /* Pods_youbikeMap.framework */ = {isa = PBXFileReference; explicitFileType = wrapper.framework; includeInIndex = 0; path = Pods_youbikeMap.framework; sourceTree = BUILT_PRODUCTS_DIR; };
		3C8F9AA4EEFE8180E5183CD8 /* Pods-youbikeMap.debug.xcconfig */ = {isa = PBXFileReference; includeInIndex = 1; lastKnownFileType = text.xcconfig; name = "Pods-youbikeMap.debug.xcconfig"; path = "Target Support Files/Pods-youbikeMap/Pods-youbikeMap.debug.xcconfig"; sourceTree = "<group>"; };
		5E02C9535DD8A69F800FAF18 /* Pods-youbikeMap.release.xcconfig */ = {isa = PBXFileReference; includeInIndex = 1; lastKnownFileType = text.xcconfig; name = "Pods-youbikeMap.release.xcconfig"; path = "Target Support Files/Pods-youbikeMap/Pods-youbikeMap.release.xcconfig"; sourceTree = "<group>"; };
		A274F4CA2527056D00D895CC /* MapViewController.swift */ = {isa = PBXFileReference; lastKnownFileType = sourcecode.swift; path = MapViewController.swift; sourceTree = "<group>"; };
		A274F4F2252772CD00D895CC /* MapViewViewModel.swift */ = {isa = PBXFileReference; lastKnownFileType = sourcecode.swift; path = MapViewViewModel.swift; sourceTree = "<group>"; };
		A274F4F825280F9D00D895CC /* MapPinAnnotationView.swift */ = {isa = PBXFileReference; lastKnownFileType = sourcecode.swift; path = MapPinAnnotationView.swift; sourceTree = "<group>"; };
		A2CE30DB252592F200B364B1 /* youbikeMap.app */ = {isa = PBXFileReference; explicitFileType = wrapper.application; includeInIndex = 0; path = youbikeMap.app; sourceTree = BUILT_PRODUCTS_DIR; };
		A2CE30DE252592F200B364B1 /* AppDelegate.swift */ = {isa = PBXFileReference; lastKnownFileType = sourcecode.swift; path = AppDelegate.swift; sourceTree = "<group>"; };
		A2CE30E0252592F200B364B1 /* SceneDelegate.swift */ = {isa = PBXFileReference; lastKnownFileType = sourcecode.swift; path = SceneDelegate.swift; sourceTree = "<group>"; };
		A2CE30E2252592F200B364B1 /* ViewController.swift */ = {isa = PBXFileReference; lastKnownFileType = sourcecode.swift; path = ViewController.swift; sourceTree = "<group>"; };
		A2CE30E5252592F200B364B1 /* Base */ = {isa = PBXFileReference; lastKnownFileType = file.storyboard; name = Base; path = Base.lproj/Main.storyboard; sourceTree = "<group>"; };
		A2CE30E7252592F700B364B1 /* Assets.xcassets */ = {isa = PBXFileReference; lastKnownFileType = folder.assetcatalog; path = Assets.xcassets; sourceTree = "<group>"; };
		A2CE30EA252592F700B364B1 /* Base */ = {isa = PBXFileReference; lastKnownFileType = file.storyboard; name = Base; path = Base.lproj/LaunchScreen.storyboard; sourceTree = "<group>"; };
		A2CE30EC252592F700B364B1 /* Info.plist */ = {isa = PBXFileReference; lastKnownFileType = text.plist.xml; path = Info.plist; sourceTree = "<group>"; };
		A2CE30F3252598D600B364B1 /* YoubikeDataManager.swift */ = {isa = PBXFileReference; lastKnownFileType = sourcecode.swift; path = YoubikeDataManager.swift; sourceTree = "<group>"; };
		A2CE30F625259A1900B364B1 /* StationsModel.swift */ = {isa = PBXFileReference; lastKnownFileType = sourcecode.swift; path = StationsModel.swift; sourceTree = "<group>"; };
		A2CE30F825259E3000B364B1 /* MyFavoriteModel.swift */ = {isa = PBXFileReference; lastKnownFileType = sourcecode.swift; path = MyFavoriteModel.swift; sourceTree = "<group>"; };
		A2CE30FE2525E3EE00B364B1 /* ListViewController.swift */ = {isa = PBXFileReference; lastKnownFileType = sourcecode.swift; path = ListViewController.swift; sourceTree = "<group>"; };
		A2CE31002525E53800B364B1 /* ListViewViewModel.swift */ = {isa = PBXFileReference; lastKnownFileType = sourcecode.swift; path = ListViewViewModel.swift; sourceTree = "<group>"; };
		A2CE31022525EA3B00B364B1 /* ListViewCell.swift */ = {isa = PBXFileReference; lastKnownFileType = sourcecode.swift; path = ListViewCell.swift; sourceTree = "<group>"; };
/* End PBXFileReference section */

/* Begin PBXFrameworksBuildPhase section */
		A2CE30D8252592F200B364B1 /* Frameworks */ = {
			isa = PBXFrameworksBuildPhase;
			buildActionMask = 2147483647;
			files = (
				4411715C659AC5C6D3A6D12E /* Pods_youbikeMap.framework in Frameworks */,
			);
			runOnlyForDeploymentPostprocessing = 0;
		};
/* End PBXFrameworksBuildPhase section */

/* Begin PBXGroup section */
		7DD68BDCCE84F7E22C6BF4C3 /* Frameworks */ = {
			isa = PBXGroup;
			children = (
				224CEB23124825B2B56527D5 /* Pods_youbikeMap.framework */,
			);
			name = Frameworks;
			sourceTree = "<group>";
		};
		A274F4A02526DD1F00D895CC /* FavoriteStationsList */ = {
			isa = PBXGroup;
			children = (
			);
			path = FavoriteStationsList;
			sourceTree = "<group>";
		};
		A274F4C92527052F00D895CC /* Map */ = {
			isa = PBXGroup;
			children = (
				A274F4CA2527056D00D895CC /* MapViewController.swift */,
				A274F4F825280F9D00D895CC /* MapPinAnnotationView.swift */,
				A274F4F2252772CD00D895CC /* MapViewViewModel.swift */,
			);
			path = Map;
			sourceTree = "<group>";
		};
		A2CE30D2252592F200B364B1 = {
			isa = PBXGroup;
			children = (
				A2CE30DD252592F200B364B1 /* youbikeMap */,
				A2CE30DC252592F200B364B1 /* Products */,
				E3C592E718186031ED9729D1 /* Pods */,
				7DD68BDCCE84F7E22C6BF4C3 /* Frameworks */,
			);
			sourceTree = "<group>";
		};
		A2CE30DC252592F200B364B1 /* Products */ = {
			isa = PBXGroup;
			children = (
				A2CE30DB252592F200B364B1 /* youbikeMap.app */,
			);
			name = Products;
			sourceTree = "<group>";
		};
		A2CE30DD252592F200B364B1 /* youbikeMap */ = {
			isa = PBXGroup;
			children = (
				A2CE30F2252598A100B364B1 /* Managers */,
				A2CE30F5252599F100B364B1 /* Models */,
				A2CE30FD2525E35F00B364B1 /* StationList */,
				A274F4A02526DD1F00D895CC /* FavoriteStationsList */,
				A274F4C92527052F00D895CC /* Map */,
				A2CE30DE252592F200B364B1 /* AppDelegate.swift */,
				A2CE30E0252592F200B364B1 /* SceneDelegate.swift */,
				A2CE30E2252592F200B364B1 /* ViewController.swift */,
				A2CE30E4252592F200B364B1 /* Main.storyboard */,
				A2CE30E7252592F700B364B1 /* Assets.xcassets */,
				A2CE30E9252592F700B364B1 /* LaunchScreen.storyboard */,
				A2CE30EC252592F700B364B1 /* Info.plist */,
			);
			path = youbikeMap;
			sourceTree = "<group>";
		};
		A2CE30F2252598A100B364B1 /* Managers */ = {
			isa = PBXGroup;
			children = (
				A2CE30F3252598D600B364B1 /* YoubikeDataManager.swift */,
			);
			path = Managers;
			sourceTree = "<group>";
		};
		A2CE30F5252599F100B364B1 /* Models */ = {
			isa = PBXGroup;
			children = (
				A2CE30F625259A1900B364B1 /* StationsModel.swift */,
				A2CE30F825259E3000B364B1 /* MyFavoriteModel.swift */,
			);
			path = Models;
			sourceTree = "<group>";
		};
		A2CE30FD2525E35F00B364B1 /* StationList */ = {
			isa = PBXGroup;
			children = (
				A2CE30FE2525E3EE00B364B1 /* ListViewController.swift */,
				A2CE31022525EA3B00B364B1 /* ListViewCell.swift */,
				A2CE31002525E53800B364B1 /* ListViewViewModel.swift */,
			);
			path = StationList;
			sourceTree = "<group>";
		};
		E3C592E718186031ED9729D1 /* Pods */ = {
			isa = PBXGroup;
			children = (
				3C8F9AA4EEFE8180E5183CD8 /* Pods-youbikeMap.debug.xcconfig */,
				5E02C9535DD8A69F800FAF18 /* Pods-youbikeMap.release.xcconfig */,
			);
			path = Pods;
			sourceTree = "<group>";
		};
/* End PBXGroup section */

/* Begin PBXNativeTarget section */
		A2CE30DA252592F200B364B1 /* youbikeMap */ = {
			isa = PBXNativeTarget;
			buildConfigurationList = A2CE30EF252592F700B364B1 /* Build configuration list for PBXNativeTarget "youbikeMap" */;
			buildPhases = (
				ACB487174FD58B5F16EA2BF5 /* [CP] Check Pods Manifest.lock */,
				A2CE30D7252592F200B364B1 /* Sources */,
				A2CE30D8252592F200B364B1 /* Frameworks */,
				A2CE30D9252592F200B364B1 /* Resources */,
				F03A49F96F26C27C8ED3F367 /* [CP] Embed Pods Frameworks */,
			);
			buildRules = (
			);
			dependencies = (
			);
			name = youbikeMap;
			productName = youbikeMap;
			productReference = A2CE30DB252592F200B364B1 /* youbikeMap.app */;
			productType = "com.apple.product-type.application";
		};
/* End PBXNativeTarget section */

/* Begin PBXProject section */
		A2CE30D3252592F200B364B1 /* Project object */ = {
			isa = PBXProject;
			attributes = {
				LastSwiftUpdateCheck = 1160;
				LastUpgradeCheck = 1160;
				ORGANIZATIONNAME = "Alex Hu";
				TargetAttributes = {
					A2CE30DA252592F200B364B1 = {
						CreatedOnToolsVersion = 11.6;
					};
				};
			};
			buildConfigurationList = A2CE30D6252592F200B364B1 /* Build configuration list for PBXProject "youbikeMap" */;
			compatibilityVersion = "Xcode 9.3";
			developmentRegion = en;
			hasScannedForEncodings = 0;
			knownRegions = (
				en,
				Base,
			);
			mainGroup = A2CE30D2252592F200B364B1;
			productRefGroup = A2CE30DC252592F200B364B1 /* Products */;
			projectDirPath = "";
			projectRoot = "";
			targets = (
				A2CE30DA252592F200B364B1 /* youbikeMap */,
			);
		};
/* End PBXProject section */

/* Begin PBXResourcesBuildPhase section */
		A2CE30D9252592F200B364B1 /* Resources */ = {
			isa = PBXResourcesBuildPhase;
			buildActionMask = 2147483647;
			files = (
				A2CE30EB252592F700B364B1 /* LaunchScreen.storyboard in Resources */,
				A2CE30E8252592F700B364B1 /* Assets.xcassets in Resources */,
				A2CE30E6252592F200B364B1 /* Main.storyboard in Resources */,
			);
			runOnlyForDeploymentPostprocessing = 0;
		};
/* End PBXResourcesBuildPhase section */

/* Begin PBXShellScriptBuildPhase section */
		ACB487174FD58B5F16EA2BF5 /* [CP] Check Pods Manifest.lock */ = {
			isa = PBXShellScriptBuildPhase;
			buildActionMask = 2147483647;
			files = (
			);
			inputFileListPaths = (
			);
			inputPaths = (
				"${PODS_PODFILE_DIR_PATH}/Podfile.lock",
				"${PODS_ROOT}/Manifest.lock",
			);
			name = "[CP] Check Pods Manifest.lock";
			outputFileListPaths = (
			);
			outputPaths = (
				"$(DERIVED_FILE_DIR)/Pods-youbikeMap-checkManifestLockResult.txt",
			);
			runOnlyForDeploymentPostprocessing = 0;
			shellPath = /bin/sh;
			shellScript = "diff \"${PODS_PODFILE_DIR_PATH}/Podfile.lock\" \"${PODS_ROOT}/Manifest.lock\" > /dev/null\nif [ $? != 0 ] ; then\n    # print error to STDERR\n    echo \"error: The sandbox is not in sync with the Podfile.lock. Run 'pod install' or update your CocoaPods installation.\" >&2\n    exit 1\nfi\n# This output is used by Xcode 'outputs' to avoid re-running this script phase.\necho \"SUCCESS\" > \"${SCRIPT_OUTPUT_FILE_0}\"\n";
			showEnvVarsInLog = 0;
		};
		F03A49F96F26C27C8ED3F367 /* [CP] Embed Pods Frameworks */ = {
			isa = PBXShellScriptBuildPhase;
			buildActionMask = 2147483647;
			files = (
			);
			inputFileListPaths = (
				"${PODS_ROOT}/Target Support Files/Pods-youbikeMap/Pods-youbikeMap-frameworks-${CONFIGURATION}-input-files.xcfilelist",
			);
			name = "[CP] Embed Pods Frameworks";
			outputFileListPaths = (
				"${PODS_ROOT}/Target Support Files/Pods-youbikeMap/Pods-youbikeMap-frameworks-${CONFIGURATION}-output-files.xcfilelist",
			);
			runOnlyForDeploymentPostprocessing = 0;
			shellPath = /bin/sh;
			shellScript = "\"${PODS_ROOT}/Target Support Files/Pods-youbikeMap/Pods-youbikeMap-frameworks.sh\"\n";
			showEnvVarsInLog = 0;
		};
/* End PBXShellScriptBuildPhase section */

/* Begin PBXSourcesBuildPhase section */
		A2CE30D7252592F200B364B1 /* Sources */ = {
			isa = PBXSourcesBuildPhase;
			buildActionMask = 2147483647;
			files = (
				A274F4CB2527056D00D895CC /* MapViewController.swift in Sources */,
				A2CE30F4252598D600B364B1 /* YoubikeDataManager.swift in Sources */,
				A2CE30F925259E3000B364B1 /* MyFavoriteModel.swift in Sources */,
				A2CE30E3252592F200B364B1 /* ViewController.swift in Sources */,
				A2CE30FF2525E3EE00B364B1 /* ListViewController.swift in Sources */,
				A274F4F925280F9D00D895CC /* MapPinAnnotationView.swift in Sources */,
				A274F4F3252772CD00D895CC /* MapViewViewModel.swift in Sources */,
				A2CE30DF252592F200B364B1 /* AppDelegate.swift in Sources */,
				A2CE31012525E53800B364B1 /* ListViewViewModel.swift in Sources */,
				A2CE30F725259A1900B364B1 /* StationsModel.swift in Sources */,
				A2CE31032525EA3B00B364B1 /* ListViewCell.swift in Sources */,
				A2CE30E1252592F200B364B1 /* SceneDelegate.swift in Sources */,
			);
			runOnlyForDeploymentPostprocessing = 0;
		};
/* End PBXSourcesBuildPhase section */

/* Begin PBXVariantGroup section */
		A2CE30E4252592F200B364B1 /* Main.storyboard */ = {
			isa = PBXVariantGroup;
			children = (
				A2CE30E5252592F200B364B1 /* Base */,
			);
			name = Main.storyboard;
			sourceTree = "<group>";
		};
		A2CE30E9252592F700B364B1 /* LaunchScreen.storyboard */ = {
			isa = PBXVariantGroup;
			children = (
				A2CE30EA252592F700B364B1 /* Base */,
			);
			name = LaunchScreen.storyboard;
			sourceTree = "<group>";
		};
/* End PBXVariantGroup section */

/* Begin XCBuildConfiguration section */
		A2CE30ED252592F700B364B1 /* Debug */ = {
			isa = XCBuildConfiguration;
			buildSettings = {
				ALWAYS_SEARCH_USER_PATHS = NO;
				CLANG_ANALYZER_NONNULL = YES;
				CLANG_ANALYZER_NUMBER_OBJECT_CONVERSION = YES_AGGRESSIVE;
				CLANG_CXX_LANGUAGE_STANDARD = "gnu++14";
				CLANG_CXX_LIBRARY = "libc++";
				CLANG_ENABLE_MODULES = YES;
				CLANG_ENABLE_OBJC_ARC = YES;
				CLANG_ENABLE_OBJC_WEAK = YES;
				CLANG_WARN_BLOCK_CAPTURE_AUTORELEASING = YES;
				CLANG_WARN_BOOL_CONVERSION = YES;
				CLANG_WARN_COMMA = YES;
				CLANG_WARN_CONSTANT_CONVERSION = YES;
				CLANG_WARN_DEPRECATED_OBJC_IMPLEMENTATIONS = YES;
				CLANG_WARN_DIRECT_OBJC_ISA_USAGE = YES_ERROR;
				CLANG_WARN_DOCUMENTATION_COMMENTS = YES;
				CLANG_WARN_EMPTY_BODY = YES;
				CLANG_WARN_ENUM_CONVERSION = YES;
				CLANG_WARN_INFINITE_RECURSION = YES;
				CLANG_WARN_INT_CONVERSION = YES;
				CLANG_WARN_NON_LITERAL_NULL_CONVERSION = YES;
				CLANG_WARN_OBJC_IMPLICIT_RETAIN_SELF = YES;
				CLANG_WARN_OBJC_LITERAL_CONVERSION = YES;
				CLANG_WARN_OBJC_ROOT_CLASS = YES_ERROR;
				CLANG_WARN_RANGE_LOOP_ANALYSIS = YES;
				CLANG_WARN_STRICT_PROTOTYPES = YES;
				CLANG_WARN_SUSPICIOUS_MOVE = YES;
				CLANG_WARN_UNGUARDED_AVAILABILITY = YES_AGGRESSIVE;
				CLANG_WARN_UNREACHABLE_CODE = YES;
				CLANG_WARN__DUPLICATE_METHOD_MATCH = YES;
				COPY_PHASE_STRIP = NO;
				DEBUG_INFORMATION_FORMAT = dwarf;
				ENABLE_STRICT_OBJC_MSGSEND = YES;
				ENABLE_TESTABILITY = YES;
				GCC_C_LANGUAGE_STANDARD = gnu11;
				GCC_DYNAMIC_NO_PIC = NO;
				GCC_NO_COMMON_BLOCKS = YES;
				GCC_OPTIMIZATION_LEVEL = 0;
				GCC_PREPROCESSOR_DEFINITIONS = (
					"DEBUG=1",
					"$(inherited)",
				);
				GCC_WARN_64_TO_32_BIT_CONVERSION = YES;
				GCC_WARN_ABOUT_RETURN_TYPE = YES_ERROR;
				GCC_WARN_UNDECLARED_SELECTOR = YES;
				GCC_WARN_UNINITIALIZED_AUTOS = YES_AGGRESSIVE;
				GCC_WARN_UNUSED_FUNCTION = YES;
				GCC_WARN_UNUSED_VARIABLE = YES;
				IPHONEOS_DEPLOYMENT_TARGET = 13.6;
				MTL_ENABLE_DEBUG_INFO = INCLUDE_SOURCE;
				MTL_FAST_MATH = YES;
				ONLY_ACTIVE_ARCH = YES;
				SDKROOT = iphoneos;
				SWIFT_ACTIVE_COMPILATION_CONDITIONS = DEBUG;
				SWIFT_OPTIMIZATION_LEVEL = "-Onone";
			};
			name = Debug;
		};
		A2CE30EE252592F700B364B1 /* Release */ = {
			isa = XCBuildConfiguration;
			buildSettings = {
				ALWAYS_SEARCH_USER_PATHS = NO;
				CLANG_ANALYZER_NONNULL = YES;
				CLANG_ANALYZER_NUMBER_OBJECT_CONVERSION = YES_AGGRESSIVE;
				CLANG_CXX_LANGUAGE_STANDARD = "gnu++14";
				CLANG_CXX_LIBRARY = "libc++";
				CLANG_ENABLE_MODULES = YES;
				CLANG_ENABLE_OBJC_ARC = YES;
				CLANG_ENABLE_OBJC_WEAK = YES;
				CLANG_WARN_BLOCK_CAPTURE_AUTORELEASING = YES;
				CLANG_WARN_BOOL_CONVERSION = YES;
				CLANG_WARN_COMMA = YES;
				CLANG_WARN_CONSTANT_CONVERSION = YES;
				CLANG_WARN_DEPRECATED_OBJC_IMPLEMENTATIONS = YES;
				CLANG_WARN_DIRECT_OBJC_ISA_USAGE = YES_ERROR;
				CLANG_WARN_DOCUMENTATION_COMMENTS = YES;
				CLANG_WARN_EMPTY_BODY = YES;
				CLANG_WARN_ENUM_CONVERSION = YES;
				CLANG_WARN_INFINITE_RECURSION = YES;
				CLANG_WARN_INT_CONVERSION = YES;
				CLANG_WARN_NON_LITERAL_NULL_CONVERSION = YES;
				CLANG_WARN_OBJC_IMPLICIT_RETAIN_SELF = YES;
				CLANG_WARN_OBJC_LITERAL_CONVERSION = YES;
				CLANG_WARN_OBJC_ROOT_CLASS = YES_ERROR;
				CLANG_WARN_RANGE_LOOP_ANALYSIS = YES;
				CLANG_WARN_STRICT_PROTOTYPES = YES;
				CLANG_WARN_SUSPICIOUS_MOVE = YES;
				CLANG_WARN_UNGUARDED_AVAILABILITY = YES_AGGRESSIVE;
				CLANG_WARN_UNREACHABLE_CODE = YES;
				CLANG_WARN__DUPLICATE_METHOD_MATCH = YES;
				COPY_PHASE_STRIP = NO;
				DEBUG_INFORMATION_FORMAT = "dwarf-with-dsym";
				ENABLE_NS_ASSERTIONS = NO;
				ENABLE_STRICT_OBJC_MSGSEND = YES;
				GCC_C_LANGUAGE_STANDARD = gnu11;
				GCC_NO_COMMON_BLOCKS = YES;
				GCC_WARN_64_TO_32_BIT_CONVERSION = YES;
				GCC_WARN_ABOUT_RETURN_TYPE = YES_ERROR;
				GCC_WARN_UNDECLARED_SELECTOR = YES;
				GCC_WARN_UNINITIALIZED_AUTOS = YES_AGGRESSIVE;
				GCC_WARN_UNUSED_FUNCTION = YES;
				GCC_WARN_UNUSED_VARIABLE = YES;
				IPHONEOS_DEPLOYMENT_TARGET = 13.6;
				MTL_ENABLE_DEBUG_INFO = NO;
				MTL_FAST_MATH = YES;
				SDKROOT = iphoneos;
				SWIFT_COMPILATION_MODE = wholemodule;
				SWIFT_OPTIMIZATION_LEVEL = "-O";
				VALIDATE_PRODUCT = YES;
			};
			name = Release;
		};
		A2CE30F0252592F700B364B1 /* Debug */ = {
			isa = XCBuildConfiguration;
			baseConfigurationReference = 3C8F9AA4EEFE8180E5183CD8 /* Pods-youbikeMap.debug.xcconfig */;
			buildSettings = {
				ASSETCATALOG_COMPILER_APPICON_NAME = AppIcon;
				CODE_SIGN_IDENTITY = "Apple Development";
				CODE_SIGN_STYLE = Automatic;
				DEVELOPMENT_TEAM = "";
				INFOPLIST_FILE = youbikeMap/Info.plist;
				LD_RUNPATH_SEARCH_PATHS = (
					"$(inherited)",
					"@executable_path/Frameworks",
				);
				PRODUCT_BUNDLE_IDENTIFIER = AlexHJE.youbikeMap;
				PRODUCT_NAME = "$(TARGET_NAME)";
				PROVISIONING_PROFILE_SPECIFIER = "";
				SWIFT_VERSION = 5.0;
				TARGETED_DEVICE_FAMILY = "1,2";
			};
			name = Debug;
		};
		A2CE30F1252592F700B364B1 /* Release */ = {
			isa = XCBuildConfiguration;
			baseConfigurationReference = 5E02C9535DD8A69F800FAF18 /* Pods-youbikeMap.release.xcconfig */;
			buildSettings = {
				ASSETCATALOG_COMPILER_APPICON_NAME = AppIcon;
				CODE_SIGN_IDENTITY = "Apple Development";
				CODE_SIGN_STYLE = Automatic;
				DEVELOPMENT_TEAM = "";
				INFOPLIST_FILE = youbikeMap/Info.plist;
				LD_RUNPATH_SEARCH_PATHS = (
					"$(inherited)",
					"@executable_path/Frameworks",
				);
				PRODUCT_BUNDLE_IDENTIFIER = AlexHJE.youbikeMap;
				PRODUCT_NAME = "$(TARGET_NAME)";
				PROVISIONING_PROFILE_SPECIFIER = "";
				SWIFT_VERSION = 5.0;
				TARGETED_DEVICE_FAMILY = "1,2";
			};
			name = Release;
		};
/* End XCBuildConfiguration section */

/* Begin XCConfigurationList section */
		A2CE30D6252592F200B364B1 /* Build configuration list for PBXProject "youbikeMap" */ = {
			isa = XCConfigurationList;
			buildConfigurations = (
				A2CE30ED252592F700B364B1 /* Debug */,
				A2CE30EE252592F700B364B1 /* Release */,
			);
			defaultConfigurationIsVisible = 0;
			defaultConfigurationName = Release;
		};
		A2CE30EF252592F700B364B1 /* Build configuration list for PBXNativeTarget "youbikeMap" */ = {
			isa = XCConfigurationList;
			buildConfigurations = (
				A2CE30F0252592F700B364B1 /* Debug */,
				A2CE30F1252592F700B364B1 /* Release */,
			);
			defaultConfigurationIsVisible = 0;
			defaultConfigurationName = Release;
		};
/* End XCConfigurationList section */
	};
	rootObject = A2CE30D3252592F200B364B1 /* Project object */;
}
